
Microsoft Visual Studio Solution File, Format Version 12.00
# Visual Studio Version 17
VisualStudioVersion = 17.3.32819.101
MinimumVisualStudioVersion = 10.0.40219.1
Project("{FAE04EC0-301F-11D3-BF4B-00C04F79EFBC}") = "PS2000GUI", "PS2000GUI\PS2000GUI.csproj", "{A767E797-34F9-44AA-8517-9A7EBDBC8A78}"
EndProject
Project("{FAE04EC0-301F-11D3-BF4B-00C04F79EFBC}") = "PS2000Lib", "PS2000Lib\PS2000Lib.csproj", "{F18B134C-1AF2-4F22-B3CB-0CC496496542}"
EndProject
Global
	GlobalSection(SolutionConfigurationPlatforms) = preSolution
		Debug|Any CPU = Debug|Any CPU
		Release|Any CPU = Release|Any CPU
	EndGlobalSection
	GlobalSection(ProjectConfigurationPlatforms) = postSolution
		{A767E797-34F9-44AA-8517-9A7EBDBC8A78}.Debug|Any CPU.ActiveCfg = Debug|Any CPU
		{A767E797-34F9-44AA-8517-9A7EBDBC8A78}.Debug|Any CPU.Build.0 = Debug|Any CPU
		{A767E797-34F9-44AA-8517-9A7EBDBC8A78}.Release|Any CPU.ActiveCfg = Release|Any CPU
		{A767E797-34F9-44AA-8517-9A7EBDBC8A78}.Release|Any CPU.Build.0 = Release|Any CPU
		{F18B134C-1AF2-4F22-B3CB-0CC496496542}.Debug|Any CPU.ActiveCfg = Debug|Any CPU
		{F18B134C-1AF2-4F22-B3CB-0CC496496542}.Debug|Any CPU.Build.0 = Debug|Any CPU
		{F18B134C-1AF2-4F22-B3CB-0CC496496542}.Release|Any CPU.ActiveCfg = Release|Any CPU
		{F18B134C-1AF2-4F22-B3CB-0CC496496542}.Release|Any CPU.Build.0 = Release|Any CPU
	EndGlobalSection
	GlobalSection(SolutionProperties) = preSolution
		HideSolutionNode = FALSE
	EndGlobalSection
	GlobalSection(ExtensibilityGlobals) = postSolution
		SolutionGuid = {04605F0B-5AEA-428E-83B4-719002BAF1A6}
	EndGlobalSection
EndGlobal
